
Microsoft Visual Studio Solution File, Format Version 12.00
# Visual Studio 14
VisualStudioVersion = 14.0.24720.0
MinimumVisualStudioVersion = 10.0.40219.1
Project("{FAE04EC0-301F-11D3-BF4B-00C04F79EFBC}") = "Ax", "Ax\Ax.csproj", "{473F244B-5273-4747-94FE-291FBF30D218}"
EndProject
Project("{FAE04EC0-301F-11D3-BF4B-00C04F79EFBC}") = "Listener", "ErpListener\Listener.csproj", "{A24666DD-5448-40B4-A943-CB04FAB700FB}"
EndProject
Project("{FAE04EC0-301F-11D3-BF4B-00C04F79EFBC}") = "Common", "Common\Common.csproj", "{FFE8994E-25DA-45BE-9EF3-C548FAD8563A}"
EndProject
Project("{FAE04EC0-301F-11D3-BF4B-00C04F79EFBC}") = "TestApplication", "TestApplication\TestApplication.csproj", "{0163B839-B9C0-4686-87CD-5FF9778EAF16}"
EndProject
Project("{FAE04EC0-301F-11D3-BF4B-00C04F79EFBC}") = "Jira", "Jira\Jira.csproj", "{9BFFE18A-BA78-4365-9E41-AA5202760B33}"
EndProject
Global
	GlobalSection(SolutionConfigurationPlatforms) = preSolution
		Debug|Any CPU = Debug|Any CPU
		Release|Any CPU = Release|Any CPU
	EndGlobalSection
	GlobalSection(ProjectConfigurationPlatforms) = postSolution
		{473F244B-5273-4747-94FE-291FBF30D218}.Debug|Any CPU.ActiveCfg = Debug|Any CPU
		{473F244B-5273-4747-94FE-291FBF30D218}.Debug|Any CPU.Build.0 = Debug|Any CPU
		{473F244B-5273-4747-94FE-291FBF30D218}.Release|Any CPU.ActiveCfg = Release|Any CPU
		{473F244B-5273-4747-94FE-291FBF30D218}.Release|Any CPU.Build.0 = Release|Any CPU
		{A24666DD-5448-40B4-A943-CB04FAB700FB}.Debug|Any CPU.ActiveCfg = Debug|Any CPU
		{A24666DD-5448-40B4-A943-CB04FAB700FB}.Debug|Any CPU.Build.0 = Debug|Any CPU
		{A24666DD-5448-40B4-A943-CB04FAB700FB}.Release|Any CPU.ActiveCfg = Release|Any CPU
		{A24666DD-5448-40B4-A943-CB04FAB700FB}.Release|Any CPU.Build.0 = Release|Any CPU
		{FFE8994E-25DA-45BE-9EF3-C548FAD8563A}.Debug|Any CPU.ActiveCfg = Debug|Any CPU
		{FFE8994E-25DA-45BE-9EF3-C548FAD8563A}.Debug|Any CPU.Build.0 = Debug|Any CPU
		{FFE8994E-25DA-45BE-9EF3-C548FAD8563A}.Release|Any CPU.ActiveCfg = Release|Any CPU
		{FFE8994E-25DA-45BE-9EF3-C548FAD8563A}.Release|Any CPU.Build.0 = Release|Any CPU
		{0163B839-B9C0-4686-87CD-5FF9778EAF16}.Debug|Any CPU.ActiveCfg = Debug|Any CPU
		{0163B839-B9C0-4686-87CD-5FF9778EAF16}.Debug|Any CPU.Build.0 = Debug|Any CPU
		{0163B839-B9C0-4686-87CD-5FF9778EAF16}.Release|Any CPU.ActiveCfg = Release|Any CPU
		{0163B839-B9C0-4686-87CD-5FF9778EAF16}.Release|Any CPU.Build.0 = Release|Any CPU
		{9BFFE18A-BA78-4365-9E41-AA5202760B33}.Debug|Any CPU.ActiveCfg = Debug|Any CPU
		{9BFFE18A-BA78-4365-9E41-AA5202760B33}.Debug|Any CPU.Build.0 = Debug|Any CPU
		{9BFFE18A-BA78-4365-9E41-AA5202760B33}.Release|Any CPU.ActiveCfg = Release|Any CPU
		{9BFFE18A-BA78-4365-9E41-AA5202760B33}.Release|Any CPU.Build.0 = Release|Any CPU
	EndGlobalSection
	GlobalSection(SolutionProperties) = preSolution
		HideSolutionNode = FALSE
	EndGlobalSection
EndGlobal
